<?xml version="1.0" encoding="utf-8"?>
<Project ToolsVersion="4.0" xmlns="http://schemas.microsoft.com/developer/msbuild/2003">
  <ItemGroup>
    <Filter Include="Source Files">
      <UniqueIdentifier>{4FC737F1-C7A5-4376-A066-2A32D752A2FF}</UniqueIdentifier>
      <Extensions>cpp;c;cc;cxx;def;odl;idl;hpj;bat;asm;asmx</Extensions>
    </Filter>
    <Filter Include="Header Files">
      <UniqueIdentifier>{93995380-89BD-4b04-88EB-625FBE52EBFB}</UniqueIdentifier>
      <Extensions>h;hh;hpp;hxx;hm;inl;inc;ipp;xsd</Extensions>
    </Filter>
    <Filter Include="Resource Files">
      <UniqueIdentifier>{67DA6AB6-F800-4c08-8B7A-83BB121AAD01}</UniqueIdentifier>
      <Extensions>rc;ico;cur;bmp;dlg;rc2;rct;bin;rgs;gif;jpg;jpeg;jpe;resx;tiff;tif;png;wav;mfcribbon-ms</Extensions>
    </Filter>
  </ItemGroup>
  <ItemGroup>
    <ClInclude Include="AutoBackup.h">
      <Filter>Header Files</Filter>
    </ClInclude>
    <ClInclude Include="AutoBackupDlg.h">
      <Filter>Header Files</Filter>
    </ClInclude>
    <ClInclude Include="stdafx.h">
      <Filter>Header Files</Filter>
    </ClInclude>
    <ClInclude Include="targetver.h">
      <Filter>Header Files</Filter>
    </ClInclude>
    <ClInclude Include="Resource.h">
      <Filter>Header Files</Filter>
    </ClInclude>
    <ClInclude Include="Cleaner.h">
      <Filter>Header Files</Filter>
    </ClInclude>
    <ClInclude Include="CleanFilesDlg.h">
      <Filter>Header Files</Filter>
    </ClInclude>
    <ClInclude Include="CleanInfoDlg.h">
      <Filter>Header Files</Filter>
    </ClInclude>
    <ClInclude Include="compressfolder.h">
      <Filter>Header Files</Filter>
    </ClInclude>
    <ClInclude Include="ConfigDlg.h">
      <Filter>Header Files</Filter>
    </ClInclude>
    <ClInclude Include="InputExtDlg.h">
      <Filter>Header Files</Filter>
    </ClInclude>
    <ClInclude Include="LastTasks.h">
      <Filter>Header Files</Filter>
    </ClInclude>
    <ClInclude Include="LocalLock.h">
      <Filter>Header Files</Filter>
    </ClInclude>
    <ClInclude Include="MtVerify.h">
      <Filter>Header Files</Filter>
    </ClInclude>
    <ClInclude Include="MultiProjectDlg.h">
      <Filter>Header Files</Filter>
    </ClInclude>
    <ClInclude Include="PathEdit.h">
      <Filter>Header Files</Filter>
    </ClInclude>
    <ClInclude Include="PictureEx.h">
      <Filter>Header Files</Filter>
    </ClInclude>
    <ClInclude Include="RecordList.h">
      <Filter>Header Files</Filter>
    </ClInclude>
    <ClInclude Include="TxtRW.h">
      <Filter>Header Files</Filter>
    </ClInclude>
    <ClInclude Include="WaitDlg.h">
      <Filter>Header Files</Filter>
    </ClInclude>
  </ItemGroup>
  <ItemGroup>
    <ClCompile Include="AutoBackup.cpp">
      <Filter>Source Files</Filter>
    </ClCompile>
    <ClCompile Include="AutoBackupDlg.cpp">
      <Filter>Source Files</Filter>
    </ClCompile>
    <ClCompile Include="stdafx.cpp">
      <Filter>Source Files</Filter>
    </ClCompile>
    <ClCompile Include="Cleaner.cpp">
      <Filter>Source Files</Filter>
    </ClCompile>
    <ClCompile Include="CleanFilesDlg.cpp">
      <Filter>Source Files</Filter>
    </ClCompile>
    <ClCompile Include="CleanInfoDlg.cpp">
      <Filter>Source Files</Filter>
    </ClCompile>
    <ClCompile Include="compressfolder.cpp">
      <Filter>Source Files</Filter>
    </ClCompile>
    <ClCompile Include="ConfigDlg.cpp">
      <Filter>Source Files</Filter>
    </ClCompile>
    <ClCompile Include="InputExtDlg.cpp">
      <Filter>Source Files</Filter>
    </ClCompile>
    <ClCompile Include="LastTasks.cpp">
      <Filter>Source Files</Filter>
    </ClCompile>
    <ClCompile Include="MultiProjectDlg.cpp">
      <Filter>Source Files</Filter>
    </ClCompile>
    <ClCompile Include="PathEdit.cpp">
      <Filter>Source Files</Filter>
    </ClCompile>
    <ClCompile Include="PictureEx.cpp">
      <Filter>Source Files</Filter>
    </ClCompile>
    <ClCompile Include="RecordList.cpp">
      <Filter>Source Files</Filter>
    </ClCompile>
    <ClCompile Include="TxtRW.cpp">
      <Filter>Source Files</Filter>
    </ClCompile>
    <ClCompile Include="WaitDlg.cpp">
      <Filter>Source Files</Filter>
    </ClCompile>
  </ItemGroup>
  <ItemGroup>
    <ResourceCompile Include="AutoBackup.rc">
      <Filter>Resource Files</Filter>
    </ResourceCompile>
  </ItemGroup>
  <ItemGroup>
    <None Include="res\AutoBackup.rc2">
      <Filter>Resource Files</Filter>
    </None>
  </ItemGroup>
  <ItemGroup>
    <Image Include="res\AutoBackup.ico">
      <Filter>Resource Files</Filter>
    </Image>
    <Image Include="autobackup.ico">
      <Filter>Resource Files</Filter>
    </Image>
    <Image Include="res\loading.gif">
      <Filter>Resource Files</Filter>
    </Image>
  </ItemGroup>
</Project>